
Microsoft Visual Studio Solution File, Format Version 12.00
# Visual Studio Version 16
VisualStudioVersion = 16.0.32630.194
MinimumVisualStudioVersion = 10.0.40219.1
Project("{FAE04EC0-301F-11D3-BF4B-00C04F79EFBC}") = "Tide01", "Tide01\Tide01.csproj", "{93B30B18-0EDA-4E2E-B628-3707D99AA545}"
EndProject
Global
	GlobalSection(SolutionConfigurationPlatforms) = preSolution
		Debug|Any CPU = Debug|Any CPU
		Release|Any CPU = Release|Any CPU
	EndGlobalSection
	GlobalSection(ProjectConfigurationPlatforms) = postSolution
		{93B30B18-0EDA-4E2E-B628-3707D99AA545}.Debug|Any CPU.ActiveCfg = Debug|Any CPU
		{93B30B18-0EDA-4E2E-B628-3707D99AA545}.Debug|Any CPU.Build.0 = Debug|Any CPU
		{93B30B18-0EDA-4E2E-B628-3707D99AA545}.Release|Any CPU.ActiveCfg = Release|Any CPU
		{93B30B18-0EDA-4E2E-B628-3707D99AA545}.Release|Any CPU.Build.0 = Release|Any CPU
	EndGlobalSection
	GlobalSection(SolutionProperties) = preSolution
		HideSolutionNode = FALSE
	EndGlobalSection
	GlobalSection(ExtensibilityGlobals) = postSolution
		SolutionGuid = {C17E3C03-0312-4CC2-B28D-AB525CBB58DF}
	EndGlobalSection
EndGlobal
